
Microsoft Visual Studio Solution File, Format Version 12.00
# Visual Studio Version 17
VisualStudioVersion = 17.1.32210.238
MinimumVisualStudioVersion = 10.0.40219.1
Project("{9A19103F-16F7-4668-BE54-9A1E7A4F7556}") = "Sait2022", "Sait2022\Sait2022.csproj", "{1A463A3F-D8E0-4869-B364-DF8E5538D55A}"
EndProject
Project("{9A19103F-16F7-4668-BE54-9A1E7A4F7556}") = "AccountTests", "AccountTests\AccountTests.csproj", "{01B900F2-7195-4F68-B88A-4CB303DDB182}"
EndProject
Global
	GlobalSection(SolutionConfigurationPlatforms) = preSolution
		Debug|Any CPU = Debug|Any CPU
		Release|Any CPU = Release|Any CPU
	EndGlobalSection
	GlobalSection(ProjectConfigurationPlatforms) = postSolution
		{1A463A3F-D8E0-4869-B364-DF8E5538D55A}.Debug|Any CPU.ActiveCfg = Debug|Any CPU
		{1A463A3F-D8E0-4869-B364-DF8E5538D55A}.Debug|Any CPU.Build.0 = Debug|Any CPU
		{1A463A3F-D8E0-4869-B364-DF8E5538D55A}.Release|Any CPU.ActiveCfg = Release|Any CPU
		{1A463A3F-D8E0-4869-B364-DF8E5538D55A}.Release|Any CPU.Build.0 = Release|Any CPU
		{01B900F2-7195-4F68-B88A-4CB303DDB182}.Debug|Any CPU.ActiveCfg = Debug|Any CPU
		{01B900F2-7195-4F68-B88A-4CB303DDB182}.Debug|Any CPU.Build.0 = Debug|Any CPU
		{01B900F2-7195-4F68-B88A-4CB303DDB182}.Release|Any CPU.ActiveCfg = Release|Any CPU
		{01B900F2-7195-4F68-B88A-4CB303DDB182}.Release|Any CPU.Build.0 = Release|Any CPU
	EndGlobalSection
	GlobalSection(SolutionProperties) = preSolution
		HideSolutionNode = FALSE
	EndGlobalSection
	GlobalSection(ExtensibilityGlobals) = postSolution
		SolutionGuid = {586DA8CA-8657-4C1B-83B9-CFD4E9B3CD47}
	EndGlobalSection
EndGlobal
